
Microsoft Visual Studio Solution File, Format Version 12.00
# Visual Studio Version 17
VisualStudioVersion = 17.2.32630.192
MinimumVisualStudioVersion = 10.0.40219.1
Project("{FAE04EC0-301F-11D3-BF4B-00C04F79EFBC}") = "Study", "Study.csproj", "{D28E5E5E-80A8-4505-BCD6-FCC822113E1B}"
EndProject
Global
	GlobalSection(SolutionConfigurationPlatforms) = preSolution
		Debug|Any CPU = Debug|Any CPU
		Release|Any CPU = Release|Any CPU
	EndGlobalSection
	GlobalSection(ProjectConfigurationPlatforms) = postSolution
		{D28E5E5E-80A8-4505-BCD6-FCC822113E1B}.Debug|Any CPU.ActiveCfg = Debug|Any CPU
		{D28E5E5E-80A8-4505-BCD6-FCC822113E1B}.Debug|Any CPU.Build.0 = Debug|Any CPU
		{D28E5E5E-80A8-4505-BCD6-FCC822113E1B}.Release|Any CPU.ActiveCfg = Release|Any CPU
		{D28E5E5E-80A8-4505-BCD6-FCC822113E1B}.Release|Any CPU.Build.0 = Release|Any CPU
	EndGlobalSection
	GlobalSection(SolutionProperties) = preSolution
		HideSolutionNode = FALSE
	EndGlobalSection
	GlobalSection(ExtensibilityGlobals) = postSolution
		SolutionGuid = {2C7AB129-C84F-4F47-8170-90C50C922B8A}
	EndGlobalSection
EndGlobal
