
Microsoft Visual Studio Solution File, Format Version 12.00
# Visual Studio Version 16
VisualStudioVersion = 16.0.32228.343
MinimumVisualStudioVersion = 10.0.40219.1
Project("{FAE04EC0-301F-11D3-BF4B-00C04F79EFBC}") = "Study", "Study.csproj", "{6C06C88C-0094-4485-A85E-B630A5E57324}"
EndProject
Project("{FAE04EC0-301F-11D3-BF4B-00C04F79EFBC}") = "Test", "..\..\..\Test\Test.csproj", "{3600D643-CF87-41B4-BD1B-996A84610F24}"
EndProject
Global
	GlobalSection(SolutionConfigurationPlatforms) = preSolution
		Debug|Any CPU = Debug|Any CPU
		Release|Any CPU = Release|Any CPU
	EndGlobalSection
	GlobalSection(ProjectConfigurationPlatforms) = postSolution
		{6C06C88C-0094-4485-A85E-B630A5E57324}.Debug|Any CPU.ActiveCfg = Debug|Any CPU
		{6C06C88C-0094-4485-A85E-B630A5E57324}.Debug|Any CPU.Build.0 = Debug|Any CPU
		{6C06C88C-0094-4485-A85E-B630A5E57324}.Release|Any CPU.ActiveCfg = Release|Any CPU
		{6C06C88C-0094-4485-A85E-B630A5E57324}.Release|Any CPU.Build.0 = Release|Any CPU
		{3600D643-CF87-41B4-BD1B-996A84610F24}.Debug|Any CPU.ActiveCfg = Debug|Any CPU
		{3600D643-CF87-41B4-BD1B-996A84610F24}.Debug|Any CPU.Build.0 = Debug|Any CPU
		{3600D643-CF87-41B4-BD1B-996A84610F24}.Release|Any CPU.ActiveCfg = Release|Any CPU
		{3600D643-CF87-41B4-BD1B-996A84610F24}.Release|Any CPU.Build.0 = Release|Any CPU
	EndGlobalSection
	GlobalSection(SolutionProperties) = preSolution
		HideSolutionNode = FALSE
	EndGlobalSection
	GlobalSection(ExtensibilityGlobals) = postSolution
		SolutionGuid = {A6D31260-AB6F-4F61-8BE6-96D2FDFA220C}
	EndGlobalSection
EndGlobal
